// !$*UTF8*$!
{
	archiveVersion = 1;
	classes = {
	};
	objectVersion = 55;
	objects = {

/* Begin PBXBuildFile section */
		2A0042A228BF85B100CFD13C /* AppDelegate.swift in Sources */ = {isa = PBXBuildFile; fileRef = 2A0042A128BF85B100CFD13C /* AppDelegate.swift */; };
		2A0042A428BF85B100CFD13C /* SceneDelegate.swift in Sources */ = {isa = PBXBuildFile; fileRef = 2A0042A328BF85B100CFD13C /* SceneDelegate.swift */; };
		2A0042A628BF85B100CFD13C /* TableViewController.swift in Sources */ = {isa = PBXBuildFile; fileRef = 2A0042A528BF85B100CFD13C /* TableViewController.swift */; };
		2A0042A928BF85B100CFD13C /* Main.storyboard in Resources */ = {isa = PBXBuildFile; fileRef = 2A0042A728BF85B100CFD13C /* Main.storyboard */; };
		2A0042AB28BF85B300CFD13C /* Assets.xcassets in Resources */ = {isa = PBXBuildFile; fileRef = 2A0042AA28BF85B300CFD13C /* Assets.xcassets */; };
		2A0042AE28BF85B300CFD13C /* LaunchScreen.storyboard in Resources */ = {isa = PBXBuildFile; fileRef = 2A0042AC28BF85B300CFD13C /* LaunchScreen.storyboard */; };
		2A0042B928BF85B300CFD13C /* Todoey_StoryboardTests.swift in Sources */ = {isa = PBXBuildFile; fileRef = 2A0042B828BF85B300CFD13C /* Todoey_StoryboardTests.swift */; };
		2A0042C328BF85B300CFD13C /* Todoey_StoryboardUITests.swift in Sources */ = {isa = PBXBuildFile; fileRef = 2A0042C228BF85B300CFD13C /* Todoey_StoryboardUITests.swift */; };
		2A0042C528BF85B300CFD13C /* Todoey_StoryboardUITestsLaunchTests.swift in Sources */ = {isa = PBXBuildFile; fileRef = 2A0042C428BF85B300CFD13C /* Todoey_StoryboardUITestsLaunchTests.swift */; };
		2A89E00E28C0DA910079163D /* DataModel.xcdatamodeld in Sources */ = {isa = PBXBuildFile; fileRef = 2A89E00C28C0DA910079163D /* DataModel.xcdatamodeld */; };
		2A89E04F28C107AC0079163D /* CategoryTableViewController.swift in Sources */ = {isa = PBXBuildFile; fileRef = 2A89E04E28C107AC0079163D /* CategoryTableViewController.swift */; };
/* End PBXBuildFile section */

/* Begin PBXContainerItemProxy section */
		2A0042B528BF85B300CFD13C /* PBXContainerItemProxy */ = {
			isa = PBXContainerItemProxy;
			containerPortal = 2A00429628BF85B100CFD13C /* Project object */;
			proxyType = 1;
			remoteGlobalIDString = 2A00429D28BF85B100CFD13C;
			remoteInfo = Todoey_Storyboard;
		};
		2A0042BF28BF85B300CFD13C /* PBXContainerItemProxy */ = {
			isa = PBXContainerItemProxy;
			containerPortal = 2A00429628BF85B100CFD13C /* Project object */;
			proxyType = 1;
			remoteGlobalIDString = 2A00429D28BF85B100CFD13C;
			remoteInfo = Todoey_Storyboard;
		};
/* End PBXContainerItemProxy section */

/* Begin PBXFileReference section */
		2A00429E28BF85B100CFD13C /* Todoey_Storyboard.app */ = {isa = PBXFileReference; explicitFileType = wrapper.application; includeInIndex = 0; path = Todoey_Storyboard.app; sourceTree = BUILT_PRODUCTS_DIR; };
		2A0042A128BF85B100CFD13C /* AppDelegate.swift */ = {isa = PBXFileReference; lastKnownFileType = sourcecode.swift; path = AppDelegate.swift; sourceTree = "<group>"; };
		2A0042A328BF85B100CFD13C /* SceneDelegate.swift */ = {isa = PBXFileReference; lastKnownFileType = sourcecode.swift; path = SceneDelegate.swift; sourceTree = "<group>"; };
		2A0042A528BF85B100CFD13C /* TableViewController.swift */ = {isa = PBXFileReference; lastKnownFileType = sourcecode.swift; path = TableViewController.swift; sourceTree = "<group>"; };
		2A0042A828BF85B100CFD13C /* Base */ = {isa = PBXFileReference; lastKnownFileType = file.storyboard; name = Base; path = Base.lproj/Main.storyboard; sourceTree = "<group>"; };
		2A0042AA28BF85B300CFD13C /* Assets.xcassets */ = {isa = PBXFileReference; lastKnownFileType = folder.assetcatalog; path = Assets.xcassets; sourceTree = "<group>"; };
		2A0042AD28BF85B300CFD13C /* Base */ = {isa = PBXFileReference; lastKnownFileType = file.storyboard; name = Base; path = Base.lproj/LaunchScreen.storyboard; sourceTree = "<group>"; };
		2A0042AF28BF85B300CFD13C /* Info.plist */ = {isa = PBXFileReference; lastKnownFileType = text.plist.xml; path = Info.plist; sourceTree = "<group>"; };
		2A0042B428BF85B300CFD13C /* Todoey_StoryboardTests.xctest */ = {isa = PBXFileReference; explicitFileType = wrapper.cfbundle; includeInIndex = 0; path = Todoey_StoryboardTests.xctest; sourceTree = BUILT_PRODUCTS_DIR; };
		2A0042B828BF85B300CFD13C /* Todoey_StoryboardTests.swift */ = {isa = PBXFileReference; lastKnownFileType = sourcecode.swift; path = Todoey_StoryboardTests.swift; sourceTree = "<group>"; };
		2A0042BE28BF85B300CFD13C /* Todoey_StoryboardUITests.xctest */ = {isa = PBXFileReference; explicitFileType = wrapper.cfbundle; includeInIndex = 0; path = Todoey_StoryboardUITests.xctest; sourceTree = BUILT_PRODUCTS_DIR; };
		2A0042C228BF85B300CFD13C /* Todoey_StoryboardUITests.swift */ = {isa = PBXFileReference; lastKnownFileType = sourcecode.swift; path = Todoey_StoryboardUITests.swift; sourceTree = "<group>"; };
		2A0042C428BF85B300CFD13C /* Todoey_StoryboardUITestsLaunchTests.swift */ = {isa = PBXFileReference; lastKnownFileType = sourcecode.swift; path = Todoey_StoryboardUITestsLaunchTests.swift; sourceTree = "<group>"; };
		2A89E00D28C0DA910079163D /* DataModel.xcdatamodel */ = {isa = PBXFileReference; lastKnownFileType = wrapper.xcdatamodel; path = DataModel.xcdatamodel; sourceTree = "<group>"; };
		2A89E04E28C107AC0079163D /* CategoryTableViewController.swift */ = {isa = PBXFileReference; lastKnownFileType = sourcecode.swift; path = CategoryTableViewController.swift; sourceTree = "<group>"; };
/* End PBXFileReference section */

/* Begin PBXFrameworksBuildPhase section */
		2A00429B28BF85B100CFD13C /* Frameworks */ = {
			isa = PBXFrameworksBuildPhase;
			buildActionMask = 2147483647;
			files = (
			);
			runOnlyForDeploymentPostprocessing = 0;
		};
		2A0042B128BF85B300CFD13C /* Frameworks */ = {
			isa = PBXFrameworksBuildPhase;
			buildActionMask = 2147483647;
			files = (
			);
			runOnlyForDeploymentPostprocessing = 0;
		};
		2A0042BB28BF85B300CFD13C /* Frameworks */ = {
			isa = PBXFrameworksBuildPhase;
			buildActionMask = 2147483647;
			files = (
			);
			runOnlyForDeploymentPostprocessing = 0;
		};
/* End PBXFrameworksBuildPhase section */

/* Begin PBXGroup section */
		2A00429528BF85B100CFD13C = {
			isa = PBXGroup;
			children = (
				2A0042A028BF85B100CFD13C /* Todoey_Storyboard */,
				2A0042B728BF85B300CFD13C /* Todoey_StoryboardTests */,
				2A0042C128BF85B300CFD13C /* Todoey_StoryboardUITests */,
				2A00429F28BF85B100CFD13C /* Products */,
			);
			sourceTree = "<group>";
		};
		2A00429F28BF85B100CFD13C /* Products */ = {
			isa = PBXGroup;
			children = (
				2A00429E28BF85B100CFD13C /* Todoey_Storyboard.app */,
				2A0042B428BF85B300CFD13C /* Todoey_StoryboardTests.xctest */,
				2A0042BE28BF85B300CFD13C /* Todoey_StoryboardUITests.xctest */,
			);
			name = Products;
			sourceTree = "<group>";
		};
		2A0042A028BF85B100CFD13C /* Todoey_Storyboard */ = {
			isa = PBXGroup;
			children = (
				2A0042A128BF85B100CFD13C /* AppDelegate.swift */,
				2A0042A328BF85B100CFD13C /* SceneDelegate.swift */,
				2A89E00C28C0DA910079163D /* DataModel.xcdatamodeld */,
				2A0042A528BF85B100CFD13C /* TableViewController.swift */,
				2A0042A728BF85B100CFD13C /* Main.storyboard */,
				2A89E04E28C107AC0079163D /* CategoryTableViewController.swift */,
				2A0042AA28BF85B300CFD13C /* Assets.xcassets */,
				2A0042AC28BF85B300CFD13C /* LaunchScreen.storyboard */,
				2A0042AF28BF85B300CFD13C /* Info.plist */,
			);
			path = Todoey_Storyboard;
			sourceTree = "<group>";
		};
		2A0042B728BF85B300CFD13C /* Todoey_StoryboardTests */ = {
			isa = PBXGroup;
			children = (
				2A0042B828BF85B300CFD13C /* Todoey_StoryboardTests.swift */,
			);
			path = Todoey_StoryboardTests;
			sourceTree = "<group>";
		};
		2A0042C128BF85B300CFD13C /* Todoey_StoryboardUITests */ = {
			isa = PBXGroup;
			children = (
				2A0042C228BF85B300CFD13C /* Todoey_StoryboardUITests.swift */,
				2A0042C428BF85B300CFD13C /* Todoey_StoryboardUITestsLaunchTests.swift */,
			);
			path = Todoey_StoryboardUITests;
			sourceTree = "<group>";
		};
/* End PBXGroup section */

/* Begin PBXNativeTarget section */
		2A00429D28BF85B100CFD13C /* Todoey_Storyboard */ = {
			isa = PBXNativeTarget;
			buildConfigurationList = 2A0042C828BF85B300CFD13C /* Build configuration list for PBXNativeTarget "Todoey_Storyboard" */;
			buildPhases = (
				2A00429A28BF85B100CFD13C /* Sources */,
				2A00429B28BF85B100CFD13C /* Frameworks */,
				2A00429C28BF85B100CFD13C /* Resources */,
			);
			buildRules = (
			);
			dependencies = (
			);
			name = Todoey_Storyboard;
			productName = Todoey_Storyboard;
			productReference = 2A00429E28BF85B100CFD13C /* Todoey_Storyboard.app */;
			productType = "com.apple.product-type.application";
		};
		2A0042B328BF85B300CFD13C /* Todoey_StoryboardTests */ = {
			isa = PBXNativeTarget;
			buildConfigurationList = 2A0042CB28BF85B300CFD13C /* Build configuration list for PBXNativeTarget "Todoey_StoryboardTests" */;
			buildPhases = (
				2A0042B028BF85B300CFD13C /* Sources */,
				2A0042B128BF85B300CFD13C /* Frameworks */,
				2A0042B228BF85B300CFD13C /* Resources */,
			);
			buildRules = (
			);
			dependencies = (
				2A0042B628BF85B300CFD13C /* PBXTargetDependency */,
			);
			name = Todoey_StoryboardTests;
			productName = Todoey_StoryboardTests;
			productReference = 2A0042B428BF85B300CFD13C /* Todoey_StoryboardTests.xctest */;
			productType = "com.apple.product-type.bundle.unit-test";
		};
		2A0042BD28BF85B300CFD13C /* Todoey_StoryboardUITests */ = {
			isa = PBXNativeTarget;
			buildConfigurationList = 2A0042CE28BF85B300CFD13C /* Build configuration list for PBXNativeTarget "Todoey_StoryboardUITests" */;
			buildPhases = (
				2A0042BA28BF85B300CFD13C /* Sources */,
				2A0042BB28BF85B300CFD13C /* Frameworks */,
				2A0042BC28BF85B300CFD13C /* Resources */,
			);
			buildRules = (
			);
			dependencies = (
				2A0042C028BF85B300CFD13C /* PBXTargetDependency */,
			);
			name = Todoey_StoryboardUITests;
			productName = Todoey_StoryboardUITests;
			productReference = 2A0042BE28BF85B300CFD13C /* Todoey_StoryboardUITests.xctest */;
			productType = "com.apple.product-type.bundle.ui-testing";
		};
/* End PBXNativeTarget section */

/* Begin PBXProject section */
		2A00429628BF85B100CFD13C /* Project object */ = {
			isa = PBXProject;
			attributes = {
				BuildIndependentTargetsInParallel = 1;
				LastSwiftUpdateCheck = 1340;
				LastUpgradeCheck = 1340;
				TargetAttributes = {
					2A00429D28BF85B100CFD13C = {
						CreatedOnToolsVersion = 13.4.1;
					};
					2A0042B328BF85B300CFD13C = {
						CreatedOnToolsVersion = 13.4.1;
						TestTargetID = 2A00429D28BF85B100CFD13C;
					};
					2A0042BD28BF85B300CFD13C = {
						CreatedOnToolsVersion = 13.4.1;
						TestTargetID = 2A00429D28BF85B100CFD13C;
					};
				};
			};
			buildConfigurationList = 2A00429928BF85B100CFD13C /* Build configuration list for PBXProject "Todoey_Storyboard" */;
			compatibilityVersion = "Xcode 13.0";
			developmentRegion = en;
			hasScannedForEncodings = 0;
			knownRegions = (
				en,
				Base,
			);
			mainGroup = 2A00429528BF85B100CFD13C;
			productRefGroup = 2A00429F28BF85B100CFD13C /* Products */;
			projectDirPath = "";
			projectRoot = "";
			targets = (
				2A00429D28BF85B100CFD13C /* Todoey_Storyboard */,
				2A0042B328BF85B300CFD13C /* Todoey_StoryboardTests */,
				2A0042BD28BF85B300CFD13C /* Todoey_StoryboardUITests */,
			);
		};
/* End PBXProject section */

/* Begin PBXResourcesBuildPhase section */
		2A00429C28BF85B100CFD13C /* Resources */ = {
			isa = PBXResourcesBuildPhase;
			buildActionMask = 2147483647;
			files = (
				2A0042AE28BF85B300CFD13C /* LaunchScreen.storyboard in Resources */,
				2A0042AB28BF85B300CFD13C /* Assets.xcassets in Resources */,
				2A0042A928BF85B100CFD13C /* Main.storyboard in Resources */,
			);
			runOnlyForDeploymentPostprocessing = 0;
		};
		2A0042B228BF85B300CFD13C /* Resources */ = {
			isa = PBXResourcesBuildPhase;
			buildActionMask = 2147483647;
			files = (
			);
			runOnlyForDeploymentPostprocessing = 0;
		};
		2A0042BC28BF85B300CFD13C /* Resources */ = {
			isa = PBXResourcesBuildPhase;
			buildActionMask = 2147483647;
			files = (
			);
			runOnlyForDeploymentPostprocessing = 0;
		};
/* End PBXResourcesBuildPhase section */

/* Begin PBXSourcesBuildPhase section */
		2A00429A28BF85B100CFD13C /* Sources */ = {
			isa = PBXSourcesBuildPhase;
			buildActionMask = 2147483647;
			files = (
				2A89E00E28C0DA910079163D /* DataModel.xcdatamodeld in Sources */,
				2A0042A628BF85B100CFD13C /* TableViewController.swift in Sources */,
				2A89E04F28C107AC0079163D /* CategoryTableViewController.swift in Sources */,
				2A0042A228BF85B100CFD13C /* AppDelegate.swift in Sources */,
				2A0042A428BF85B100CFD13C /* SceneDelegate.swift in Sources */,
			);
			runOnlyForDeploymentPostprocessing = 0;
		};
		2A0042B028BF85B300CFD13C /* Sources */ = {
			isa = PBXSourcesBuildPhase;
			buildActionMask = 2147483647;
			files = (
				2A0042B928BF85B300CFD13C /* Todoey_StoryboardTests.swift in Sources */,
			);
			runOnlyForDeploymentPostprocessing = 0;
		};
		2A0042BA28BF85B300CFD13C /* Sources */ = {
			isa = PBXSourcesBuildPhase;
			buildActionMask = 2147483647;
			files = (
				2A0042C328BF85B300CFD13C /* Todoey_StoryboardUITests.swift in Sources */,
				2A0042C528BF85B300CFD13C /* Todoey_StoryboardUITestsLaunchTests.swift in Sources */,
			);
			runOnlyForDeploymentPostprocessing = 0;
		};
/* End PBXSourcesBuildPhase section */

/* Begin PBXTargetDependency section */
		2A0042B628BF85B300CFD13C /* PBXTargetDependency */ = {
			isa = PBXTargetDependency;
			target = 2A00429D28BF85B100CFD13C /* Todoey_Storyboard */;
			targetProxy = 2A0042B528BF85B300CFD13C /* PBXContainerItemProxy */;
		};
		2A0042C028BF85B300CFD13C /* PBXTargetDependency */ = {
			isa = PBXTargetDependency;
			target = 2A00429D28BF85B100CFD13C /* Todoey_Storyboard */;
			targetProxy = 2A0042BF28BF85B300CFD13C /* PBXContainerItemProxy */;
		};
/* End PBXTargetDependency section */

/* Begin PBXVariantGroup section */
		2A0042A728BF85B100CFD13C /* Main.storyboard */ = {
			isa = PBXVariantGroup;
			children = (
				2A0042A828BF85B100CFD13C /* Base */,
			);
			name = Main.storyboard;
			sourceTree = "<group>";
		};
		2A0042AC28BF85B300CFD13C /* LaunchScreen.storyboard */ = {
			isa = PBXVariantGroup;
			children = (
				2A0042AD28BF85B300CFD13C /* Base */,
			);
			name = LaunchScreen.storyboard;
			sourceTree = "<group>";
		};
/* End PBXVariantGroup section */

/* Begin XCBuildConfiguration section */
		2A0042C628BF85B300CFD13C /* Debug */ = {
			isa = XCBuildConfiguration;
			buildSettings = {
				ALWAYS_SEARCH_USER_PATHS = NO;
				CLANG_ANALYZER_NONNULL = YES;
				CLANG_ANALYZER_NUMBER_OBJECT_CONVERSION = YES_AGGRESSIVE;
				CLANG_CXX_LANGUAGE_STANDARD = "gnu++17";
				CLANG_ENABLE_MODULES = YES;
				CLANG_ENABLE_OBJC_ARC = YES;
				CLANG_ENABLE_OBJC_WEAK = YES;
				CLANG_WARN_BLOCK_CAPTURE_AUTORELEASING = YES;
				CLANG_WARN_BOOL_CONVERSION = YES;
				CLANG_WARN_COMMA = YES;
				CLANG_WARN_CONSTANT_CONVERSION = YES;
				CLANG_WARN_DEPRECATED_OBJC_IMPLEMENTATIONS = YES;
				CLANG_WARN_DIRECT_OBJC_ISA_USAGE = YES_ERROR;
				CLANG_WARN_DOCUMENTATION_COMMENTS = YES;
				CLANG_WARN_EMPTY_BODY = YES;
				CLANG_WARN_ENUM_CONVERSION = YES;
				CLANG_WARN_INFINITE_RECURSION = YES;
				CLANG_WARN_INT_CONVERSION = YES;
				CLANG_WARN_NON_LITERAL_NULL_CONVERSION = YES;
				CLANG_WARN_OBJC_IMPLICIT_RETAIN_SELF = YES;
				CLANG_WARN_OBJC_LITERAL_CONVERSION = YES;
				CLANG_WARN_OBJC_ROOT_CLASS = YES_ERROR;
				CLANG_WARN_QUOTED_INCLUDE_IN_FRAMEWORK_HEADER = YES;
				CLANG_WARN_RANGE_LOOP_ANALYSIS = YES;
				CLANG_WARN_STRICT_PROTOTYPES = YES;
				CLANG_WARN_SUSPICIOUS_MOVE = YES;
				CLANG_WARN_UNGUARDED_AVAILABILITY = YES_AGGRESSIVE;
				CLANG_WARN_UNREACHABLE_CODE = YES;
				CLANG_WARN__DUPLICATE_METHOD_MATCH = YES;
				COPY_PHASE_STRIP = NO;
				DEBUG_INFORMATION_FORMAT = dwarf;
				ENABLE_STRICT_OBJC_MSGSEND = YES;
				ENABLE_TESTABILITY = YES;
				GCC_C_LANGUAGE_STANDARD = gnu11;
				GCC_DYNAMIC_NO_PIC = NO;
				GCC_NO_COMMON_BLOCKS = YES;
				GCC_OPTIMIZATION_LEVEL = 0;
				GCC_PREPROCESSOR_DEFINITIONS = (
					"DEBUG=1",
					"$(inherited)",
				);
				GCC_WARN_64_TO_32_BIT_CONVERSION = YES;
				GCC_WARN_ABOUT_RETURN_TYPE = YES_ERROR;
				GCC_WARN_UNDECLARED_SELECTOR = YES;
				GCC_WARN_UNINITIALIZED_AUTOS = YES_AGGRESSIVE;
				GCC_WARN_UNUSED_FUNCTION = YES;
				GCC_WARN_UNUSED_VARIABLE = YES;
				IPHONEOS_DEPLOYMENT_TARGET = 15.5;
				MTL_ENABLE_DEBUG_INFO = INCLUDE_SOURCE;
				MTL_FAST_MATH = YES;
				ONLY_ACTIVE_ARCH = YES;
				SDKROOT = iphoneos;
				SWIFT_ACTIVE_COMPILATION_CONDITIONS = DEBUG;
				SWIFT_OPTIMIZATION_LEVEL = "-Onone";
			};
			name = Debug;
		};
		2A0042C728BF85B300CFD13C /* Release */ = {
			isa = XCBuildConfiguration;
			buildSettings = {
				ALWAYS_SEARCH_USER_PATHS = NO;
				CLANG_ANALYZER_NONNULL = YES;
				CLANG_ANALYZER_NUMBER_OBJECT_CONVERSION = YES_AGGRESSIVE;
				CLANG_CXX_LANGUAGE_STANDARD = "gnu++17";
				CLANG_ENABLE_MODULES = YES;
				CLANG_ENABLE_OBJC_ARC = YES;
				CLANG_ENABLE_OBJC_WEAK = YES;
				CLANG_WARN_BLOCK_CAPTURE_AUTORELEASING = YES;
				CLANG_WARN_BOOL_CONVERSION = YES;
				CLANG_WARN_COMMA = YES;
				CLANG_WARN_CONSTANT_CONVERSION = YES;
				CLANG_WARN_DEPRECATED_OBJC_IMPLEMENTATIONS = YES;
				CLANG_WARN_DIRECT_OBJC_ISA_USAGE = YES_ERROR;
				CLANG_WARN_DOCUMENTATION_COMMENTS = YES;
				CLANG_WARN_EMPTY_BODY = YES;
				CLANG_WARN_ENUM_CONVERSION = YES;
				CLANG_WARN_INFINITE_RECURSION = YES;
				CLANG_WARN_INT_CONVERSION = YES;
				CLANG_WARN_NON_LITERAL_NULL_CONVERSION = YES;
				CLANG_WARN_OBJC_IMPLICIT_RETAIN_SELF = YES;
				CLANG_WARN_OBJC_LITERAL_CONVERSION = YES;
				CLANG_WARN_OBJC_ROOT_CLASS = YES_ERROR;
				CLANG_WARN_QUOTED_INCLUDE_IN_FRAMEWORK_HEADER = YES;
				CLANG_WARN_RANGE_LOOP_ANALYSIS = YES;
				CLANG_WARN_STRICT_PROTOTYPES = YES;
				CLANG_WARN_SUSPICIOUS_MOVE = YES;
				CLANG_WARN_UNGUARDED_AVAILABILITY = YES_AGGRESSIVE;
				CLANG_WARN_UNREACHABLE_CODE = YES;
				CLANG_WARN__DUPLICATE_METHOD_MATCH = YES;
				COPY_PHASE_STRIP = NO;
				DEBUG_INFORMATION_FORMAT = "dwarf-with-dsym";
				ENABLE_NS_ASSERTIONS = NO;
				ENABLE_STRICT_OBJC_MSGSEND = YES;
				GCC_C_LANGUAGE_STANDARD = gnu11;
				GCC_NO_COMMON_BLOCKS = YES;
				GCC_WARN_64_TO_32_BIT_CONVERSION = YES;
				GCC_WARN_ABOUT_RETURN_TYPE = YES_ERROR;
				GCC_WARN_UNDECLARED_SELECTOR = YES;
				GCC_WARN_UNINITIALIZED_AUTOS = YES_AGGRESSIVE;
				GCC_WARN_UNUSED_FUNCTION = YES;
				GCC_WARN_UNUSED_VARIABLE = YES;
				IPHONEOS_DEPLOYMENT_TARGET = 15.5;
				MTL_ENABLE_DEBUG_INFO = NO;
				MTL_FAST_MATH = YES;
				SDKROOT = iphoneos;
				SWIFT_COMPILATION_MODE = wholemodule;
				SWIFT_OPTIMIZATION_LEVEL = "-O";
				VALIDATE_PRODUCT = YES;
			};
			name = Release;
		};
		2A0042C928BF85B300CFD13C /* Debug */ = {
			isa = XCBuildConfiguration;
			buildSettings = {
				ASSETCATALOG_COMPILER_APPICON_NAME = AppIcon;
				ASSETCATALOG_COMPILER_GLOBAL_ACCENT_COLOR_NAME = AccentColor;
				CODE_SIGN_STYLE = Automatic;
				CURRENT_PROJECT_VERSION = 1;
				GENERATE_INFOPLIST_FILE = YES;
				INFOPLIST_FILE = Todoey_Storyboard/Info.plist;
				INFOPLIST_KEY_UIApplicationSupportsIndirectInputEvents = YES;
				INFOPLIST_KEY_UILaunchStoryboardName = LaunchScreen;
				INFOPLIST_KEY_UIMainStoryboardFile = Main;
				INFOPLIST_KEY_UISupportedInterfaceOrientations_iPad = "UIInterfaceOrientationPortrait UIInterfaceOrientationPortraitUpsideDown UIInterfaceOrientationLandscapeLeft UIInterfaceOrientationLandscapeRight";
				INFOPLIST_KEY_UISupportedInterfaceOrientations_iPhone = "UIInterfaceOrientationPortrait UIInterfaceOrientationLandscapeLeft UIInterfaceOrientationLandscapeRight";
				LD_RUNPATH_SEARCH_PATHS = (
					"$(inherited)",
					"@executable_path/Frameworks",
				);
				MARKETING_VERSION = 1.0;
				PRODUCT_BUNDLE_IDENTIFIER = "era.Todoey-Storyboard";
				PRODUCT_NAME = "$(TARGET_NAME)";
				SWIFT_EMIT_LOC_STRINGS = YES;
				SWIFT_VERSION = 5.0;
				TARGETED_DEVICE_FAMILY = "1,2";
			};
			name = Debug;
		};
		2A0042CA28BF85B300CFD13C /* Release */ = {
			isa = XCBuildConfiguration;
			buildSettings = {
				ASSETCATALOG_COMPILER_APPICON_NAME = AppIcon;
				ASSETCATALOG_COMPILER_GLOBAL_ACCENT_COLOR_NAME = AccentColor;
				CODE_SIGN_STYLE = Automatic;
				CURRENT_PROJECT_VERSION = 1;
				GENERATE_INFOPLIST_FILE = YES;
				INFOPLIST_FILE = Todoey_Storyboard/Info.plist;
				INFOPLIST_KEY_UIApplicationSupportsIndirectInputEvents = YES;
				INFOPLIST_KEY_UILaunchStoryboardName = LaunchScreen;
				INFOPLIST_KEY_UIMainStoryboardFile = Main;
				INFOPLIST_KEY_UISupportedInterfaceOrientations_iPad = "UIInterfaceOrientationPortrait UIInterfaceOrientationPortraitUpsideDown UIInterfaceOrientationLandscapeLeft UIInterfaceOrientationLandscapeRight";
				INFOPLIST_KEY_UISupportedInterfaceOrientations_iPhone = "UIInterfaceOrientationPortrait UIInterfaceOrientationLandscapeLeft UIInterfaceOrientationLandscapeRight";
				LD_RUNPATH_SEARCH_PATHS = (
					"$(inherited)",
					"@executable_path/Frameworks",
				);
				MARKETING_VERSION = 1.0;
				PRODUCT_BUNDLE_IDENTIFIER = "era.Todoey-Storyboard";
				PRODUCT_NAME = "$(TARGET_NAME)";
				SWIFT_EMIT_LOC_STRINGS = YES;
				SWIFT_VERSION = 5.0;
				TARGETED_DEVICE_FAMILY = "1,2";
			};
			name = Release;
		};
		2A0042CC28BF85B300CFD13C /* Debug */ = {
			isa = XCBuildConfiguration;
			buildSettings = {
				ALWAYS_EMBED_SWIFT_STANDARD_LIBRARIES = YES;
				BUNDLE_LOADER = "$(TEST_HOST)";
				CODE_SIGN_STYLE = Automatic;
				CURRENT_PROJECT_VERSION = 1;
				GENERATE_INFOPLIST_FILE = YES;
				IPHONEOS_DEPLOYMENT_TARGET = 15.5;
				MARKETING_VERSION = 1.0;
				PRODUCT_BUNDLE_IDENTIFIER = "era.Todoey-StoryboardTests";
				PRODUCT_NAME = "$(TARGET_NAME)";
				SWIFT_EMIT_LOC_STRINGS = NO;
				SWIFT_VERSION = 5.0;
				TARGETED_DEVICE_FAMILY = "1,2";
				TEST_HOST = "$(BUILT_PRODUCTS_DIR)/Todoey_Storyboard.app/Todoey_Storyboard";
			};
			name = Debug;
		};
		2A0042CD28BF85B300CFD13C /* Release */ = {
			isa = XCBuildConfiguration;
			buildSettings = {
				ALWAYS_EMBED_SWIFT_STANDARD_LIBRARIES = YES;
				BUNDLE_LOADER = "$(TEST_HOST)";
				CODE_SIGN_STYLE = Automatic;
				CURRENT_PROJECT_VERSION = 1;
				GENERATE_INFOPLIST_FILE = YES;
				IPHONEOS_DEPLOYMENT_TARGET = 15.5;
				MARKETING_VERSION = 1.0;
				PRODUCT_BUNDLE_IDENTIFIER = "era.Todoey-StoryboardTests";
				PRODUCT_NAME = "$(TARGET_NAME)";
				SWIFT_EMIT_LOC_STRINGS = NO;
				SWIFT_VERSION = 5.0;
				TARGETED_DEVICE_FAMILY = "1,2";
				TEST_HOST = "$(BUILT_PRODUCTS_DIR)/Todoey_Storyboard.app/Todoey_Storyboard";
			};
			name = Release;
		};
		2A0042CF28BF85B300CFD13C /* Debug */ = {
			isa = XCBuildConfiguration;
			buildSettings = {
				ALWAYS_EMBED_SWIFT_STANDARD_LIBRARIES = YES;
				CODE_SIGN_STYLE = Automatic;
				CURRENT_PROJECT_VERSION = 1;
				GENERATE_INFOPLIST_FILE = YES;
				MARKETING_VERSION = 1.0;
				PRODUCT_BUNDLE_IDENTIFIER = "era.Todoey-StoryboardUITests";
				PRODUCT_NAME = "$(TARGET_NAME)";
				SWIFT_EMIT_LOC_STRINGS = NO;
				SWIFT_VERSION = 5.0;
				TARGETED_DEVICE_FAMILY = "1,2";
				TEST_TARGET_NAME = Todoey_Storyboard;
			};
			name = Debug;
		};
		2A0042D028BF85B300CFD13C /* Release */ = {
			isa = XCBuildConfiguration;
			buildSettings = {
				ALWAYS_EMBED_SWIFT_STANDARD_LIBRARIES = YES;
				CODE_SIGN_STYLE = Automatic;
				CURRENT_PROJECT_VERSION = 1;
				GENERATE_INFOPLIST_FILE = YES;
				MARKETING_VERSION = 1.0;
				PRODUCT_BUNDLE_IDENTIFIER = "era.Todoey-StoryboardUITests";
				PRODUCT_NAME = "$(TARGET_NAME)";
				SWIFT_EMIT_LOC_STRINGS = NO;
				SWIFT_VERSION = 5.0;
				TARGETED_DEVICE_FAMILY = "1,2";
				TEST_TARGET_NAME = Todoey_Storyboard;
			};
			name = Release;
		};
/* End XCBuildConfiguration section */

/* Begin XCConfigurationList section */
		2A00429928BF85B100CFD13C /* Build configuration list for PBXProject "Todoey_Storyboard" */ = {
			isa = XCConfigurationList;
			buildConfigurations = (
				2A0042C628BF85B300CFD13C /* Debug */,
				2A0042C728BF85B300CFD13C /* Release */,
			);
			defaultConfigurationIsVisible = 0;
			defaultConfigurationName = Release;
		};
		2A0042C828BF85B300CFD13C /* Build configuration list for PBXNativeTarget "Todoey_Storyboard" */ = {
			isa = XCConfigurationList;
			buildConfigurations = (
				2A0042C928BF85B300CFD13C /* Debug */,
				2A0042CA28BF85B300CFD13C /* Release */,
			);
			defaultConfigurationIsVisible = 0;
			defaultConfigurationName = Release;
		};
		2A0042CB28BF85B300CFD13C /* Build configuration list for PBXNativeTarget "Todoey_StoryboardTests" */ = {
			isa = XCConfigurationList;
			buildConfigurations = (
				2A0042CC28BF85B300CFD13C /* Debug */,
				2A0042CD28BF85B300CFD13C /* Release */,
			);
			defaultConfigurationIsVisible = 0;
			defaultConfigurationName = Release;
		};
		2A0042CE28BF85B300CFD13C /* Build configuration list for PBXNativeTarget "Todoey_StoryboardUITests" */ = {
			isa = XCConfigurationList;
			buildConfigurations = (
				2A0042CF28BF85B300CFD13C /* Debug */,
				2A0042D028BF85B300CFD13C /* Release */,
			);
			defaultConfigurationIsVisible = 0;
			defaultConfigurationName = Release;
		};
/* End XCConfigurationList section */

/* Begin XCVersionGroup section */
		2A89E00C28C0DA910079163D /* DataModel.xcdatamodeld */ = {
			isa = XCVersionGroup;
			children = (
				2A89E00D28C0DA910079163D /* DataModel.xcdatamodel */,
			);
			currentVersion = 2A89E00D28C0DA910079163D /* DataModel.xcdatamodel */;
			path = DataModel.xcdatamodeld;
			sourceTree = "<group>";
			versionGroupType = wrapper.xcdatamodel;
		};
/* End XCVersionGroup section */
	};
	rootObject = 2A00429628BF85B100CFD13C /* Project object */;
}
